
Microsoft Visual Studio Solution File, Format Version 12.00
# Visual Studio Version 17
VisualStudioVersion = 17.5.002.0
MinimumVisualStudioVersion = 10.0.40219.1
Project("{9A19103F-16F7-4668-BE54-9A1E7A4F7556}") = "Pilhas", "Pilhas.csproj", "{B7C82A46-6FF0-4671-80F7-555B31266C31}"
EndProject
Global
	GlobalSection(SolutionConfigurationPlatforms) = preSolution
		Debug|Any CPU = Debug|Any CPU
		Release|Any CPU = Release|Any CPU
	EndGlobalSection
	GlobalSection(ProjectConfigurationPlatforms) = postSolution
		{B7C82A46-6FF0-4671-80F7-555B31266C31}.Debug|Any CPU.ActiveCfg = Debug|Any CPU
		{B7C82A46-6FF0-4671-80F7-555B31266C31}.Debug|Any CPU.Build.0 = Debug|Any CPU
		{B7C82A46-6FF0-4671-80F7-555B31266C31}.Release|Any CPU.ActiveCfg = Release|Any CPU
		{B7C82A46-6FF0-4671-80F7-555B31266C31}.Release|Any CPU.Build.0 = Release|Any CPU
	EndGlobalSection
	GlobalSection(SolutionProperties) = preSolution
		HideSolutionNode = FALSE
	EndGlobalSection
	GlobalSection(ExtensibilityGlobals) = postSolution
		SolutionGuid = {488071B4-CDB0-493B-8F5A-6C5C1A70280A}
	EndGlobalSection
EndGlobal
