
Microsoft Visual Studio Solution File, Format Version 12.00
# Visual Studio Version 17
VisualStudioVersion = 17.5.002.0
MinimumVisualStudioVersion = 10.0.40219.1
Project("{9A19103F-16F7-4668-BE54-9A1E7A4F7556}") = "Aula02", "Aula02.csproj", "{A201DA8C-AB42-4F6F-A142-78B7CE63BD67}"
EndProject
Global
	GlobalSection(SolutionConfigurationPlatforms) = preSolution
		Debug|Any CPU = Debug|Any CPU
		Release|Any CPU = Release|Any CPU
	EndGlobalSection
	GlobalSection(ProjectConfigurationPlatforms) = postSolution
		{A201DA8C-AB42-4F6F-A142-78B7CE63BD67}.Debug|Any CPU.ActiveCfg = Debug|Any CPU
		{A201DA8C-AB42-4F6F-A142-78B7CE63BD67}.Debug|Any CPU.Build.0 = Debug|Any CPU
		{A201DA8C-AB42-4F6F-A142-78B7CE63BD67}.Release|Any CPU.ActiveCfg = Release|Any CPU
		{A201DA8C-AB42-4F6F-A142-78B7CE63BD67}.Release|Any CPU.Build.0 = Release|Any CPU
	EndGlobalSection
	GlobalSection(SolutionProperties) = preSolution
		HideSolutionNode = FALSE
	EndGlobalSection
	GlobalSection(ExtensibilityGlobals) = postSolution
		SolutionGuid = {73F6DAD6-7B20-453A-9B0B-26A991597274}
	EndGlobalSection
EndGlobal
